
Microsoft Visual Studio Solution File, Format Version 12.00
# Visual Studio 2013
VisualStudioVersion = 12.0.40629.0
MinimumVisualStudioVersion = 10.0.40219.1
Project("{8BC9CEB8-8B4A-11D0-8D11-00A0C91BC942}") = "Server Controller", "Server Controller\Server Controller.vcxproj", "{302460B1-A6B6-49FD-AB3B-B3B75160C80D}"
EndProject
Project("{F184B08F-C81C-45F6-A57F-5ABD9991F28F}") = "Server Control GUI", "Server Control GUI\Server Control GUI.vbproj", "{5B5C3B74-5C45-467E-83DE-A317364191D1}"
EndProject
Project("{FAE04EC0-301F-11D3-BF4B-00C04F79EFBC}") = "Server Control GUI Csharp", "Server Control GUI Csharp\Server Control GUI Csharp.csproj", "{09B8E9EC-9F8B-4C15-8D37-1E5DE8DE4BC3}"
EndProject
Global
	GlobalSection(SolutionConfigurationPlatforms) = preSolution
		Debug|Any CPU = Debug|Any CPU
		Debug|Mixed Platforms = Debug|Mixed Platforms
		Debug|Win32 = Debug|Win32
		Release|Any CPU = Release|Any CPU
		Release|Mixed Platforms = Release|Mixed Platforms
		Release|Win32 = Release|Win32
	EndGlobalSection
	GlobalSection(ProjectConfigurationPlatforms) = postSolution
		{302460B1-A6B6-49FD-AB3B-B3B75160C80D}.Debug|Any CPU.ActiveCfg = Debug|Win32
		{302460B1-A6B6-49FD-AB3B-B3B75160C80D}.Debug|Mixed Platforms.ActiveCfg = Debug|Win32
		{302460B1-A6B6-49FD-AB3B-B3B75160C80D}.Debug|Mixed Platforms.Build.0 = Debug|Win32
		{302460B1-A6B6-49FD-AB3B-B3B75160C80D}.Debug|Win32.ActiveCfg = Debug|Win32
		{302460B1-A6B6-49FD-AB3B-B3B75160C80D}.Debug|Win32.Build.0 = Debug|Win32
		{302460B1-A6B6-49FD-AB3B-B3B75160C80D}.Release|Any CPU.ActiveCfg = Release|Win32
		{302460B1-A6B6-49FD-AB3B-B3B75160C80D}.Release|Mixed Platforms.ActiveCfg = Release|Win32
		{302460B1-A6B6-49FD-AB3B-B3B75160C80D}.Release|Mixed Platforms.Build.0 = Release|Win32
		{302460B1-A6B6-49FD-AB3B-B3B75160C80D}.Release|Win32.ActiveCfg = Release|Win32
		{302460B1-A6B6-49FD-AB3B-B3B75160C80D}.Release|Win32.Build.0 = Release|Win32
		{5B5C3B74-5C45-467E-83DE-A317364191D1}.Debug|Any CPU.ActiveCfg = Debug|Any CPU
		{5B5C3B74-5C45-467E-83DE-A317364191D1}.Debug|Any CPU.Build.0 = Debug|Any CPU
		{5B5C3B74-5C45-467E-83DE-A317364191D1}.Debug|Mixed Platforms.ActiveCfg = Debug|Any CPU
		{5B5C3B74-5C45-467E-83DE-A317364191D1}.Debug|Mixed Platforms.Build.0 = Debug|Any CPU
		{5B5C3B74-5C45-467E-83DE-A317364191D1}.Debug|Win32.ActiveCfg = Debug|Any CPU
		{5B5C3B74-5C45-467E-83DE-A317364191D1}.Release|Any CPU.ActiveCfg = Release|Any CPU
		{5B5C3B74-5C45-467E-83DE-A317364191D1}.Release|Any CPU.Build.0 = Release|Any CPU
		{5B5C3B74-5C45-467E-83DE-A317364191D1}.Release|Mixed Platforms.ActiveCfg = Release|Any CPU
		{5B5C3B74-5C45-467E-83DE-A317364191D1}.Release|Mixed Platforms.Build.0 = Release|Any CPU
		{5B5C3B74-5C45-467E-83DE-A317364191D1}.Release|Win32.ActiveCfg = Release|Any CPU
		{09B8E9EC-9F8B-4C15-8D37-1E5DE8DE4BC3}.Debug|Any CPU.ActiveCfg = Debug|Any CPU
		{09B8E9EC-9F8B-4C15-8D37-1E5DE8DE4BC3}.Debug|Any CPU.Build.0 = Debug|Any CPU
		{09B8E9EC-9F8B-4C15-8D37-1E5DE8DE4BC3}.Debug|Mixed Platforms.ActiveCfg = Debug|Any CPU
		{09B8E9EC-9F8B-4C15-8D37-1E5DE8DE4BC3}.Debug|Mixed Platforms.Build.0 = Debug|Any CPU
		{09B8E9EC-9F8B-4C15-8D37-1E5DE8DE4BC3}.Debug|Win32.ActiveCfg = Debug|Any CPU
		{09B8E9EC-9F8B-4C15-8D37-1E5DE8DE4BC3}.Release|Any CPU.ActiveCfg = Release|Any CPU
		{09B8E9EC-9F8B-4C15-8D37-1E5DE8DE4BC3}.Release|Any CPU.Build.0 = Release|Any CPU
		{09B8E9EC-9F8B-4C15-8D37-1E5DE8DE4BC3}.Release|Mixed Platforms.ActiveCfg = Release|Any CPU
		{09B8E9EC-9F8B-4C15-8D37-1E5DE8DE4BC3}.Release|Mixed Platforms.Build.0 = Release|Any CPU
		{09B8E9EC-9F8B-4C15-8D37-1E5DE8DE4BC3}.Release|Win32.ActiveCfg = Release|Any CPU
	EndGlobalSection
	GlobalSection(SolutionProperties) = preSolution
		HideSolutionNode = FALSE
	EndGlobalSection
EndGlobal
